
Microsoft Visual Studio Solution File, Format Version 12.00
# Visual Studio Version 17
VisualStudioVersion = 17.4.33213.308
MinimumVisualStudioVersion = 10.0.40219.1
Project("{FAE04EC0-301F-11D3-BF4B-00C04F79EFBC}") = "UpdateNomina", "UpdateNomina\UpdateNomina.csproj", "{0E92B271-33C2-43BD-B607-E09F4CA9C1E5}"
EndProject
Global
	GlobalSection(SolutionConfigurationPlatforms) = preSolution
		Debug|Any CPU = Debug|Any CPU
		Release|Any CPU = Release|Any CPU
	EndGlobalSection
	GlobalSection(ProjectConfigurationPlatforms) = postSolution
		{0E92B271-33C2-43BD-B607-E09F4CA9C1E5}.Debug|Any CPU.ActiveCfg = Debug|Any CPU
		{0E92B271-33C2-43BD-B607-E09F4CA9C1E5}.Debug|Any CPU.Build.0 = Debug|Any CPU
		{0E92B271-33C2-43BD-B607-E09F4CA9C1E5}.Release|Any CPU.ActiveCfg = Release|Any CPU
		{0E92B271-33C2-43BD-B607-E09F4CA9C1E5}.Release|Any CPU.Build.0 = Release|Any CPU
	EndGlobalSection
	GlobalSection(SolutionProperties) = preSolution
		HideSolutionNode = FALSE
	EndGlobalSection
	GlobalSection(ExtensibilityGlobals) = postSolution
		SolutionGuid = {CA054023-E1A7-46C1-B7FA-7CB05DB31314}
	EndGlobalSection
EndGlobal
